# This file is generated by running "yarn install" inside your project.
# Manual changes might be lost - proceed with caution!

__metadata:
  version: 6
  cacheKey: 8

"@celo-tools/celo-ethers-wrapper@workspace:.":
  version: 0.0.0-use.local
  resolution: "@celo-tools/celo-ethers-wrapper@workspace:."
  dependencies:
    "@types/node": ^16.11.10
    ethers: ^5.6.8
    ts-node: ^10.8.1
    typescript: ^4.5.2
  peerDependencies:
    ethers: ^5
  languageName: unknown
  linkType: soft

"@cspotcode/source-map-support@npm:^0.8.0":
  version: 0.8.1
  resolution: "@cspotcode/source-map-support@npm:0.8.1"
  dependencies:
    "@jridgewell/trace-mapping": 0.3.9
  checksum: 5718f267085ed8edb3e7ef210137241775e607ee18b77d95aa5bd7514f47f5019aa2d82d96b3bf342ef7aa890a346fa1044532ff7cc3009e7d24fce3ce6200fa
  languageName: node
  linkType: hard

"@ethersproject/abi@npm:5.6.3, @ethersproject/abi@npm:^5.6.3":
  version: 5.6.3
  resolution: "@ethersproject/abi@npm:5.6.3"
  dependencies:
    "@ethersproject/address": ^5.6.1
    "@ethersproject/bignumber": ^5.6.2
    "@ethersproject/bytes": ^5.6.1
    "@ethersproject/constants": ^5.6.1
    "@ethersproject/hash": ^5.6.1
    "@ethersproject/keccak256": ^5.6.1
    "@ethersproject/logger": ^5.6.0
    "@ethersproject/properties": ^5.6.0
    "@ethersproject/strings": ^5.6.1
  checksum: 64b89ca153c22dbe95cc024abac7e08849f92b9b33b024b67da6ac127706d37fcbd36cf5713a462b8c3371b49664c4181ca4ab81e6ee55413ea5265e8b59f175
  languageName: node
  linkType: hard

"@ethersproject/abstract-provider@npm:5.6.1, @ethersproject/abstract-provider@npm:^5.6.1":
  version: 5.6.1
  resolution: "@ethersproject/abstract-provider@npm:5.6.1"
  dependencies:
    "@ethersproject/bignumber": ^5.6.2
    "@ethersproject/bytes": ^5.6.1
    "@ethersproject/logger": ^5.6.0
    "@ethersproject/networks": ^5.6.3
    "@ethersproject/properties": ^5.6.0
    "@ethersproject/transactions": ^5.6.2
    "@ethersproject/web": ^5.6.1
  checksum: a1be8035d9e67fd41a336e2d38f5cf03b7a2590243749b4cf807ad73906b5a298e177ebe291cb5b54262ded4825169bf82968e0e5b09fbea17444b903faeeab0
  languageName: node
  linkType: hard

"@ethersproject/abstract-signer@npm:5.6.2, @ethersproject/abstract-signer@npm:^5.6.2":
  version: 5.6.2
  resolution: "@ethersproject/abstract-signer@npm:5.6.2"
  dependencies:
    "@ethersproject/abstract-provider": ^5.6.1
    "@ethersproject/bignumber": ^5.6.2
    "@ethersproject/bytes": ^5.6.1
    "@ethersproject/logger": ^5.6.0
    "@ethersproject/properties": ^5.6.0
  checksum: 09f3dd1309b37bb3803057d618e4a831668e010e22047f52f1719f2b6f50b63805f1bec112b1603880d6c6b7d403ed187611ff1b14ae1f151141ede186a04996
  languageName: node
  linkType: hard

"@ethersproject/address@npm:5.6.1, @ethersproject/address@npm:^5.6.1":
  version: 5.6.1
  resolution: "@ethersproject/address@npm:5.6.1"
  dependencies:
    "@ethersproject/bignumber": ^5.6.2
    "@ethersproject/bytes": ^5.6.1
    "@ethersproject/keccak256": ^5.6.1
    "@ethersproject/logger": ^5.6.0
    "@ethersproject/rlp": ^5.6.1
  checksum: 262096ef05a1b626c161a72698a5d8b06aebf821fe01a1651ab40f80c29ca2481b96be7f972745785fd6399906509458c4c9a38f3bc1c1cb5afa7d2f76f7309a
  languageName: node
  linkType: hard

"@ethersproject/base64@npm:5.6.1, @ethersproject/base64@npm:^5.6.1":
  version: 5.6.1
  resolution: "@ethersproject/base64@npm:5.6.1"
  dependencies:
    "@ethersproject/bytes": ^5.6.1
  checksum: d21c5c297e1b8bc48fe59012c0cd70a90df7772fac07d9cc3da499d71d174d9f48edfd83495d4a1496cb70e8d1b33fb5b549a9529c5c2f97bb3a07d3f33a3fe8
  languageName: node
  linkType: hard

"@ethersproject/basex@npm:5.6.1, @ethersproject/basex@npm:^5.6.1":
  version: 5.6.1
  resolution: "@ethersproject/basex@npm:5.6.1"
  dependencies:
    "@ethersproject/bytes": ^5.6.1
    "@ethersproject/properties": ^5.6.0
  checksum: a14b75d2c25d0ac00ce0098e5bd338d4cce7a68c583839b2bc4e3512ffcb14498b18cbcb4e05b695d216d2a23814d0c335385f35b3118735cc4895234db5ae1c
  languageName: node
  linkType: hard

"@ethersproject/bignumber@npm:5.6.2, @ethersproject/bignumber@npm:^5.6.2":
  version: 5.6.2
  resolution: "@ethersproject/bignumber@npm:5.6.2"
  dependencies:
    "@ethersproject/bytes": ^5.6.1
    "@ethersproject/logger": ^5.6.0
    bn.js: ^5.2.1
  checksum: 9cf31c10274f1b6d45b16aed29f43729e8f5edec38c8ec8bb90d6b44f0eae14fda6519536228d23916a375ce11e71a77279a912d653ea02503959910b6bf9de7
  languageName: node
  linkType: hard

"@ethersproject/bytes@npm:5.6.1, @ethersproject/bytes@npm:^5.6.1":
  version: 5.6.1
  resolution: "@ethersproject/bytes@npm:5.6.1"
  dependencies:
    "@ethersproject/logger": ^5.6.0
  checksum: d06ffe3bf12aa8a6588d99b82e40b46a2cbb8b057fc650aad836e3e8c95d4559773254eeeb8fed652066dcf8082e527e37cd2b9fff7ac8cabc4de7c49459a7eb
  languageName: node
  linkType: hard

"@ethersproject/constants@npm:5.6.1, @ethersproject/constants@npm:^5.6.1":
  version: 5.6.1
  resolution: "@ethersproject/constants@npm:5.6.1"
  dependencies:
    "@ethersproject/bignumber": ^5.6.2
  checksum: 3c6abcee60f1620796dc40210a638b601ad8a2d3f6668a69c42a5ca361044f21296b16d1d43b8a00f7c28b385de4165983a8adf671e0983f5ef07459dfa84997
  languageName: node
  linkType: hard

"@ethersproject/contracts@npm:5.6.2":
  version: 5.6.2
  resolution: "@ethersproject/contracts@npm:5.6.2"
  dependencies:
    "@ethersproject/abi": ^5.6.3
    "@ethersproject/abstract-provider": ^5.6.1
    "@ethersproject/abstract-signer": ^5.6.2
    "@ethersproject/address": ^5.6.1
    "@ethersproject/bignumber": ^5.6.2
    "@ethersproject/bytes": ^5.6.1
    "@ethersproject/constants": ^5.6.1
    "@ethersproject/logger": ^5.6.0
    "@ethersproject/properties": ^5.6.0
    "@ethersproject/transactions": ^5.6.2
  checksum: c5a36ce3d0b88dc80db0135aaf39a71c0f14e262fd14172ae557d8943e69d3a2ba52c8f73f67639db0c235ea51155a97ff3584d431b92686f4c711b1004e6f87
  languageName: node
  linkType: hard

"@ethersproject/hash@npm:5.6.1, @ethersproject/hash@npm:^5.6.1":
  version: 5.6.1
  resolution: "@ethersproject/hash@npm:5.6.1"
  dependencies:
    "@ethersproject/abstract-signer": ^5.6.2
    "@ethersproject/address": ^5.6.1
    "@ethersproject/bignumber": ^5.6.2
    "@ethersproject/bytes": ^5.6.1
    "@ethersproject/keccak256": ^5.6.1
    "@ethersproject/logger": ^5.6.0
    "@ethersproject/properties": ^5.6.0
    "@ethersproject/strings": ^5.6.1
  checksum: 1338b578a51bc5cb692c17b1cabc51e484e9e3e009c4ffec13032332fc7e746c115968de1c259133cdcdad55fa96c5c8a5144170190c62b968a3fedb5b1d2cdb
  languageName: node
  linkType: hard

"@ethersproject/hdnode@npm:5.6.2, @ethersproject/hdnode@npm:^5.6.2":
  version: 5.6.2
  resolution: "@ethersproject/hdnode@npm:5.6.2"
  dependencies:
    "@ethersproject/abstract-signer": ^5.6.2
    "@ethersproject/basex": ^5.6.1
    "@ethersproject/bignumber": ^5.6.2
    "@ethersproject/bytes": ^5.6.1
    "@ethersproject/logger": ^5.6.0
    "@ethersproject/pbkdf2": ^5.6.1
    "@ethersproject/properties": ^5.6.0
    "@ethersproject/sha2": ^5.6.1
    "@ethersproject/signing-key": ^5.6.2
    "@ethersproject/strings": ^5.6.1
    "@ethersproject/transactions": ^5.6.2
    "@ethersproject/wordlists": ^5.6.1
  checksum: b096882ac75d6738c085bf7cdaaf06b6b89055b8e98469df4abf00d600a6131299ec25ca3bc71986cc79d70ddf09ec00258e7ce7e94c45d5ffb83aa616eaaaae
  languageName: node
  linkType: hard

"@ethersproject/json-wallets@npm:5.6.1, @ethersproject/json-wallets@npm:^5.6.1":
  version: 5.6.1
  resolution: "@ethersproject/json-wallets@npm:5.6.1"
  dependencies:
    "@ethersproject/abstract-signer": ^5.6.2
    "@ethersproject/address": ^5.6.1
    "@ethersproject/bytes": ^5.6.1
    "@ethersproject/hdnode": ^5.6.2
    "@ethersproject/keccak256": ^5.6.1
    "@ethersproject/logger": ^5.6.0
    "@ethersproject/pbkdf2": ^5.6.1
    "@ethersproject/properties": ^5.6.0
    "@ethersproject/random": ^5.6.1
    "@ethersproject/strings": ^5.6.1
    "@ethersproject/transactions": ^5.6.2
    aes-js: 3.0.0
    scrypt-js: 3.0.1
  checksum: 811b3596aaf1c1a64a8acef0c4fe0123a660349e6cbd5e970b1f9461966fd06858be0f154543bbd962a0ef0d369db52c6254c6b5264c172d44315085a2a6c454
  languageName: node
  linkType: hard

"@ethersproject/keccak256@npm:5.6.1, @ethersproject/keccak256@npm:^5.6.1":
  version: 5.6.1
  resolution: "@ethersproject/keccak256@npm:5.6.1"
  dependencies:
    "@ethersproject/bytes": ^5.6.1
    js-sha3: 0.8.0
  checksum: fdc950e22a1aafc92fdf749cdc5b8952b85e8cee8872d807c5f40be31f58675d30e0eca5e676876b93f2cd22ac63a344d384d116827ee80928c24b7c299991f5
  languageName: node
  linkType: hard

"@ethersproject/logger@npm:5.6.0, @ethersproject/logger@npm:^5.6.0":
  version: 5.6.0
  resolution: "@ethersproject/logger@npm:5.6.0"
  checksum: 6eee38a973c7a458552278971c109a3e5df3c257e433cb959da9a287ea04628d1f510d41b83bd5f9da5ddc05d97d307ed2162a9ba1b4fcc50664e4f60061636c
  languageName: node
  linkType: hard

"@ethersproject/networks@npm:5.6.3, @ethersproject/networks@npm:^5.6.3":
  version: 5.6.3
  resolution: "@ethersproject/networks@npm:5.6.3"
  dependencies:
    "@ethersproject/logger": ^5.6.0
  checksum: 94d2981eeed0accb69124cfb9a807552ada98b370415c9d906018bd70a33bc5a1286ff01eb2a3ce213c12334fcc7ab635ad0429f25a687b9b8f34d26d21df74b
  languageName: node
  linkType: hard

"@ethersproject/pbkdf2@npm:5.6.1, @ethersproject/pbkdf2@npm:^5.6.1":
  version: 5.6.1
  resolution: "@ethersproject/pbkdf2@npm:5.6.1"
  dependencies:
    "@ethersproject/bytes": ^5.6.1
    "@ethersproject/sha2": ^5.6.1
  checksum: 316006373828a189bf22b7a08df7dd7ffe24e5f2c83e6d09d922ce663892cc14c7d27524dc4e51993d51e4464a7b7ce5e7b23453bdc85e3c6d4d5c41aa7227cf
  languageName: node
  linkType: hard

"@ethersproject/properties@npm:5.6.0, @ethersproject/properties@npm:^5.6.0":
  version: 5.6.0
  resolution: "@ethersproject/properties@npm:5.6.0"
  dependencies:
    "@ethersproject/logger": ^5.6.0
  checksum: adcb6a843dcdf809262d77d6fbe52acdd48703327b298f78e698b76784e89564fb81791d27eaee72b1a6aaaf5688ea2ae7a95faabdef8b4aecc99989fec55901
  languageName: node
  linkType: hard

"@ethersproject/providers@npm:5.6.8":
  version: 5.6.8
  resolution: "@ethersproject/providers@npm:5.6.8"
  dependencies:
    "@ethersproject/abstract-provider": ^5.6.1
    "@ethersproject/abstract-signer": ^5.6.2
    "@ethersproject/address": ^5.6.1
    "@ethersproject/base64": ^5.6.1
    "@ethersproject/basex": ^5.6.1
    "@ethersproject/bignumber": ^5.6.2
    "@ethersproject/bytes": ^5.6.1
    "@ethersproject/constants": ^5.6.1
    "@ethersproject/hash": ^5.6.1
    "@ethersproject/logger": ^5.6.0
    "@ethersproject/networks": ^5.6.3
    "@ethersproject/properties": ^5.6.0
    "@ethersproject/random": ^5.6.1
    "@ethersproject/rlp": ^5.6.1
    "@ethersproject/sha2": ^5.6.1
    "@ethersproject/strings": ^5.6.1
    "@ethersproject/transactions": ^5.6.2
    "@ethersproject/web": ^5.6.1
    bech32: 1.1.4
    ws: 7.4.6
  checksum: 27dc2005e1ae7a6d498bb0bbacc6ad1f7164a599cf5aaad7c51cfd7c4d36d0cc5c7c40ba504f9017c746e8a0f008f15ad24e9961816793b49755dcb5c01540c0
  languageName: node
  linkType: hard

"@ethersproject/random@npm:5.6.1, @ethersproject/random@npm:^5.6.1":
  version: 5.6.1
  resolution: "@ethersproject/random@npm:5.6.1"
  dependencies:
    "@ethersproject/bytes": ^5.6.1
    "@ethersproject/logger": ^5.6.0
  checksum: 55517d65eee6dcc0848ef10a825245d61553a6c1bec15d2f69d9430ce4568d9af32013e2aa96c8336545465a24a1fd04defbe9e9f76a5ee110dc5128d4111c11
  languageName: node
  linkType: hard

"@ethersproject/rlp@npm:5.6.1, @ethersproject/rlp@npm:^5.6.1":
  version: 5.6.1
  resolution: "@ethersproject/rlp@npm:5.6.1"
  dependencies:
    "@ethersproject/bytes": ^5.6.1
    "@ethersproject/logger": ^5.6.0
  checksum: 43a281d0e7842606e2337b5552c13f4b5dad209dce173de39ef6866e02c9d7b974f1cae945782f4c4b74a8e22d8272bfd0348c1cd1bfeb2c278078ef95565488
  languageName: node
  linkType: hard

"@ethersproject/sha2@npm:5.6.1, @ethersproject/sha2@npm:^5.6.1":
  version: 5.6.1
  resolution: "@ethersproject/sha2@npm:5.6.1"
  dependencies:
    "@ethersproject/bytes": ^5.6.1
    "@ethersproject/logger": ^5.6.0
    hash.js: 1.1.7
  checksum: 04313cb4a8e24ce8b5736f9d08906764fbfdab19bc64adef363cf570defa72926d8faae19aed805e1caee737f5efecdc60a4c89fd2b1ee2b3ba0eb9555cae3ae
  languageName: node
  linkType: hard

"@ethersproject/signing-key@npm:5.6.2, @ethersproject/signing-key@npm:^5.6.2":
  version: 5.6.2
  resolution: "@ethersproject/signing-key@npm:5.6.2"
  dependencies:
    "@ethersproject/bytes": ^5.6.1
    "@ethersproject/logger": ^5.6.0
    "@ethersproject/properties": ^5.6.0
    bn.js: ^5.2.1
    elliptic: 6.5.4
    hash.js: 1.1.7
  checksum: 7889d0934c9664f87e7b7e021794e2d2ddb2e81c1392498e154cf2d5909b922d74d3df78cec44187f63dc700eddad8f8ea5ded47d2082a212a591818014ca636
  languageName: node
  linkType: hard

"@ethersproject/solidity@npm:5.6.1":
  version: 5.6.1
  resolution: "@ethersproject/solidity@npm:5.6.1"
  dependencies:
    "@ethersproject/bignumber": ^5.6.2
    "@ethersproject/bytes": ^5.6.1
    "@ethersproject/keccak256": ^5.6.1
    "@ethersproject/logger": ^5.6.0
    "@ethersproject/sha2": ^5.6.1
    "@ethersproject/strings": ^5.6.1
  checksum: a31bd7b98314824d15e28350ee1a21c10e32d2f71579b46c72eab06b895dba147efe966874444a30b17846f9c2ad74043152ec49d4401148262afffb30727087
  languageName: node
  linkType: hard

"@ethersproject/strings@npm:5.6.1, @ethersproject/strings@npm:^5.6.1":
  version: 5.6.1
  resolution: "@ethersproject/strings@npm:5.6.1"
  dependencies:
    "@ethersproject/bytes": ^5.6.1
    "@ethersproject/constants": ^5.6.1
    "@ethersproject/logger": ^5.6.0
  checksum: dcf33c2ddb22a48c3d7afc151a5f37e5a4da62a742a298988d517dc9adfaff9c5a0ebd8f476ec9792704cfc8142abd541e97432bc47cb121093edac7a5cfaf22
  languageName: node
  linkType: hard

"@ethersproject/transactions@npm:5.6.2, @ethersproject/transactions@npm:^5.6.2":
  version: 5.6.2
  resolution: "@ethersproject/transactions@npm:5.6.2"
  dependencies:
    "@ethersproject/address": ^5.6.1
    "@ethersproject/bignumber": ^5.6.2
    "@ethersproject/bytes": ^5.6.1
    "@ethersproject/constants": ^5.6.1
    "@ethersproject/keccak256": ^5.6.1
    "@ethersproject/logger": ^5.6.0
    "@ethersproject/properties": ^5.6.0
    "@ethersproject/rlp": ^5.6.1
    "@ethersproject/signing-key": ^5.6.2
  checksum: 5cf13936ce406f97b71fc1e99090698c2e4276dcb17c5a022aa3c3f55825961edcb53d4a59166acab797275afa45fb93f1b9b602ebc709da6afa66853f849609
  languageName: node
  linkType: hard

"@ethersproject/units@npm:5.6.1":
  version: 5.6.1
  resolution: "@ethersproject/units@npm:5.6.1"
  dependencies:
    "@ethersproject/bignumber": ^5.6.2
    "@ethersproject/constants": ^5.6.1
    "@ethersproject/logger": ^5.6.0
  checksum: 79cc7c35181fc3bd76fc33d95f1c8d2a20a6339dfc22745184967481b66e0782ee12bbf75b4269119152cbd23bf7980b900978d885b5da72cfb74cf897411065
  languageName: node
  linkType: hard

"@ethersproject/wallet@npm:5.6.2":
  version: 5.6.2
  resolution: "@ethersproject/wallet@npm:5.6.2"
  dependencies:
    "@ethersproject/abstract-provider": ^5.6.1
    "@ethersproject/abstract-signer": ^5.6.2
    "@ethersproject/address": ^5.6.1
    "@ethersproject/bignumber": ^5.6.2
    "@ethersproject/bytes": ^5.6.1
    "@ethersproject/hash": ^5.6.1
    "@ethersproject/hdnode": ^5.6.2
    "@ethersproject/json-wallets": ^5.6.1
    "@ethersproject/keccak256": ^5.6.1
    "@ethersproject/logger": ^5.6.0
    "@ethersproject/properties": ^5.6.0
    "@ethersproject/random": ^5.6.1
    "@ethersproject/signing-key": ^5.6.2
    "@ethersproject/transactions": ^5.6.2
    "@ethersproject/wordlists": ^5.6.1
  checksum: 88603a4797b8f489c76671ff096ad3630ad1226640032594cfb3376398b41c1c4875076f1cf6521854c42e4496cafd2171e6dc301669cbf6c972ba13e97be5b0
  languageName: node
  linkType: hard

"@ethersproject/web@npm:5.6.1, @ethersproject/web@npm:^5.6.1":
  version: 5.6.1
  resolution: "@ethersproject/web@npm:5.6.1"
  dependencies:
    "@ethersproject/base64": ^5.6.1
    "@ethersproject/bytes": ^5.6.1
    "@ethersproject/logger": ^5.6.0
    "@ethersproject/properties": ^5.6.0
    "@ethersproject/strings": ^5.6.1
  checksum: 4acb62bb04431f5a1b1ec27e88847087676dd2fd72ba40c789f2885493e5eed6b6d387d5b47d4cdfc2775bcbe714e04bfaf0d04a6f30e929310384362e6be429
  languageName: node
  linkType: hard

"@ethersproject/wordlists@npm:5.6.1, @ethersproject/wordlists@npm:^5.6.1":
  version: 5.6.1
  resolution: "@ethersproject/wordlists@npm:5.6.1"
  dependencies:
    "@ethersproject/bytes": ^5.6.1
    "@ethersproject/hash": ^5.6.1
    "@ethersproject/logger": ^5.6.0
    "@ethersproject/properties": ^5.6.0
    "@ethersproject/strings": ^5.6.1
  checksum: 3be4f300705b3f4f2b1dfa3948aac2e5030ab6216086578ec5cd2fad130b6b30d2a6a3c54d94c6669601ed62b56e7052232bc0a934a451ef3320fd6513734729
  languageName: node
  linkType: hard

"@jridgewell/resolve-uri@npm:^3.0.3":
  version: 3.0.7
  resolution: "@jridgewell/resolve-uri@npm:3.0.7"
  checksum: 94f454f4cef8f0acaad85745fd3ca6cd0d62ef731cf9f952ecb89b8b2ce5e20998cd52be31311cedc5fa5b28b1708a15f3ad9df0fe1447ee4f42959b036c4b5b
  languageName: node
  linkType: hard

"@jridgewell/sourcemap-codec@npm:^1.4.10":
  version: 1.4.13
  resolution: "@jridgewell/sourcemap-codec@npm:1.4.13"
  checksum: f14449096f60a5f921262322fef65ce0bbbfb778080b3b20212080bcefdeba621c43a58c27065bd536ecb4cc767b18eb9c45f15b6b98a4970139572b60603a1c
  languageName: node
  linkType: hard

"@jridgewell/trace-mapping@npm:0.3.9":
  version: 0.3.9
  resolution: "@jridgewell/trace-mapping@npm:0.3.9"
  dependencies:
    "@jridgewell/resolve-uri": ^3.0.3
    "@jridgewell/sourcemap-codec": ^1.4.10
  checksum: d89597752fd88d3f3480845691a05a44bd21faac18e2185b6f436c3b0fd0c5a859fbbd9aaa92050c4052caf325ad3e10e2e1d1b64327517471b7d51babc0ddef
  languageName: node
  linkType: hard

"@tsconfig/node10@npm:^1.0.7":
  version: 1.0.9
  resolution: "@tsconfig/node10@npm:1.0.9"
  checksum: a33ae4dc2a621c0678ac8ac4bceb8e512ae75dac65417a2ad9b022d9b5411e863c4c198b6ba9ef659e14b9fb609bbec680841a2e84c1172df7a5ffcf076539df
  languageName: node
  linkType: hard

"@tsconfig/node12@npm:^1.0.7":
  version: 1.0.11
  resolution: "@tsconfig/node12@npm:1.0.11"
  checksum: 5ce29a41b13e7897a58b8e2df11269c5395999e588b9a467386f99d1d26f6c77d1af2719e407621412520ea30517d718d5192a32403b8dfcc163bf33e40a338a
  languageName: node
  linkType: hard

"@tsconfig/node14@npm:^1.0.0":
  version: 1.0.3
  resolution: "@tsconfig/node14@npm:1.0.3"
  checksum: 19275fe80c4c8d0ad0abed6a96dbf00642e88b220b090418609c4376e1cef81bf16237bf170ad1b341452feddb8115d8dd2e5acdfdea1b27422071163dc9ba9d
  languageName: node
  linkType: hard

"@tsconfig/node16@npm:^1.0.2":
  version: 1.0.3
  resolution: "@tsconfig/node16@npm:1.0.3"
  checksum: 3a8b657dd047495b7ad23437d6afd20297ce90380ff0bdee93fc7d39a900dbd8d9e26e53ff6b465e7967ce2adf0b218782590ce9013285121e6a5928fbd6819f
  languageName: node
  linkType: hard

"@types/node@npm:^16.11.10":
  version: 16.11.10
  resolution: "@types/node@npm:16.11.10"
  checksum: 9c79419c5c3d92d5825bffa30f3668533f598d8b63a73ea7fc24e47f162bdbed92b0f8e4f4261cc3314b39cee050e303366d2aa154abc95c63a572a110b8c160
  languageName: node
  linkType: hard

"acorn-walk@npm:^8.1.1":
  version: 8.2.0
  resolution: "acorn-walk@npm:8.2.0"
  checksum: 1715e76c01dd7b2d4ca472f9c58968516a4899378a63ad5b6c2d668bba8da21a71976c14ec5f5b75f887b6317c4ae0b897ab141c831d741dc76024d8745f1ad1
  languageName: node
  linkType: hard

"acorn@npm:^8.4.1":
  version: 8.7.1
  resolution: "acorn@npm:8.7.1"
  bin:
    acorn: bin/acorn
  checksum: aca0aabf98826717920ac2583fdcad0a6fbe4e583fdb6e843af2594e907455aeafe30b1e14f1757cd83ce1776773cf8296ffc3a4acf13f0bd3dfebcf1db6ae80
  languageName: node
  linkType: hard

"aes-js@npm:3.0.0":
  version: 3.0.0
  resolution: "aes-js@npm:3.0.0"
  checksum: 251e26d533cd1a915b44896b17d5ed68c24a02484cfdd2e74ec700a309267db96651ea4eb657bf20aac32a3baa61f6e34edf8e2fec2de440a655da9942d334b8
  languageName: node
  linkType: hard

"arg@npm:^4.1.0":
  version: 4.1.3
  resolution: "arg@npm:4.1.3"
  checksum: 544af8dd3f60546d3e4aff084d451b96961d2267d668670199692f8d054f0415d86fc5497d0e641e91546f0aa920e7c29e5250e99fc89f5552a34b5d93b77f43
  languageName: node
  linkType: hard

"bech32@npm:1.1.4":
  version: 1.1.4
  resolution: "bech32@npm:1.1.4"
  checksum: 0e98db619191548390d6f09ff68b0253ba7ae6a55db93dfdbb070ba234c1fd3308c0606fbcc95fad50437227b10011e2698b89f0181f6e7f845c499bd14d0f4b
  languageName: node
  linkType: hard

"bn.js@npm:^4.11.9":
  version: 4.12.0
  resolution: "bn.js@npm:4.12.0"
  checksum: 39afb4f15f4ea537b55eaf1446c896af28ac948fdcf47171961475724d1bb65118cca49fa6e3d67706e4790955ec0e74de584e45c8f1ef89f46c812bee5b5a12
  languageName: node
  linkType: hard

"bn.js@npm:^5.2.1":
  version: 5.2.1
  resolution: "bn.js@npm:5.2.1"
  checksum: 3dd8c8d38055fedfa95c1d5fc3c99f8dd547b36287b37768db0abab3c239711f88ff58d18d155dd8ad902b0b0cee973747b7ae20ea12a09473272b0201c9edd3
  languageName: node
  linkType: hard

"brorand@npm:^1.1.0":
  version: 1.1.0
  resolution: "brorand@npm:1.1.0"
  checksum: 8a05c9f3c4b46572dec6ef71012b1946db6cae8c7bb60ccd4b7dd5a84655db49fe043ecc6272e7ef1f69dc53d6730b9e2a3a03a8310509a3d797a618cbee52be
  languageName: node
  linkType: hard

"create-require@npm:^1.1.0":
  version: 1.1.1
  resolution: "create-require@npm:1.1.1"
  checksum: a9a1503d4390d8b59ad86f4607de7870b39cad43d929813599a23714831e81c520bddf61bcdd1f8e30f05fd3a2b71ae8538e946eb2786dc65c2bbc520f692eff
  languageName: node
  linkType: hard

"diff@npm:^4.0.1":
  version: 4.0.2
  resolution: "diff@npm:4.0.2"
  checksum: f2c09b0ce4e6b301c221addd83bf3f454c0bc00caa3dd837cf6c127d6edf7223aa2bbe3b688feea110b7f262adbfc845b757c44c8a9f8c0c5b15d8fa9ce9d20d
  languageName: node
  linkType: hard

"elliptic@npm:6.5.4":
  version: 6.5.4
  resolution: "elliptic@npm:6.5.4"
  dependencies:
    bn.js: ^4.11.9
    brorand: ^1.1.0
    hash.js: ^1.0.0
    hmac-drbg: ^1.0.1
    inherits: ^2.0.4
    minimalistic-assert: ^1.0.1
    minimalistic-crypto-utils: ^1.0.1
  checksum: d56d21fd04e97869f7ffcc92e18903b9f67f2d4637a23c860492fbbff5a3155fd9ca0184ce0c865dd6eb2487d234ce9551335c021c376cd2d3b7cb749c7d10f4
  languageName: node
  linkType: hard

"ethers@npm:^5.6.8":
  version: 5.6.8
  resolution: "ethers@npm:5.6.8"
  dependencies:
    "@ethersproject/abi": 5.6.3
    "@ethersproject/abstract-provider": 5.6.1
    "@ethersproject/abstract-signer": 5.6.2
    "@ethersproject/address": 5.6.1
    "@ethersproject/base64": 5.6.1
    "@ethersproject/basex": 5.6.1
    "@ethersproject/bignumber": 5.6.2
    "@ethersproject/bytes": 5.6.1
    "@ethersproject/constants": 5.6.1
    "@ethersproject/contracts": 5.6.2
    "@ethersproject/hash": 5.6.1
    "@ethersproject/hdnode": 5.6.2
    "@ethersproject/json-wallets": 5.6.1
    "@ethersproject/keccak256": 5.6.1
    "@ethersproject/logger": 5.6.0
    "@ethersproject/networks": 5.6.3
    "@ethersproject/pbkdf2": 5.6.1
    "@ethersproject/properties": 5.6.0
    "@ethersproject/providers": 5.6.8
    "@ethersproject/random": 5.6.1
    "@ethersproject/rlp": 5.6.1
    "@ethersproject/sha2": 5.6.1
    "@ethersproject/signing-key": 5.6.2
    "@ethersproject/solidity": 5.6.1
    "@ethersproject/strings": 5.6.1
    "@ethersproject/transactions": 5.6.2
    "@ethersproject/units": 5.6.1
    "@ethersproject/wallet": 5.6.2
    "@ethersproject/web": 5.6.1
    "@ethersproject/wordlists": 5.6.1
  checksum: 3ef1e1509e96029839330bef465c368fee140d98c4fb23d743a0904b7ebdf70fa3c79683a2350355c9400497a5c179fe988d84a2b578d756f09c80462a94f614
  languageName: node
  linkType: hard

"hash.js@npm:1.1.7, hash.js@npm:^1.0.0, hash.js@npm:^1.0.3":
  version: 1.1.7
  resolution: "hash.js@npm:1.1.7"
  dependencies:
    inherits: ^2.0.3
    minimalistic-assert: ^1.0.1
  checksum: e350096e659c62422b85fa508e4b3669017311aa4c49b74f19f8e1bc7f3a54a584fdfd45326d4964d6011f2b2d882e38bea775a96046f2a61b7779a979629d8f
  languageName: node
  linkType: hard

"hmac-drbg@npm:^1.0.1":
  version: 1.0.1
  resolution: "hmac-drbg@npm:1.0.1"
  dependencies:
    hash.js: ^1.0.3
    minimalistic-assert: ^1.0.0
    minimalistic-crypto-utils: ^1.0.1
  checksum: bd30b6a68d7f22d63f10e1888aee497d7c2c5c0bb469e66bbdac99f143904d1dfe95f8131f95b3e86c86dd239963c9d972fcbe147e7cffa00e55d18585c43fe0
  languageName: node
  linkType: hard

"inherits@npm:^2.0.3, inherits@npm:^2.0.4":
  version: 2.0.4
  resolution: "inherits@npm:2.0.4"
  checksum: 4a48a733847879d6cf6691860a6b1e3f0f4754176e4d71494c41f3475553768b10f84b5ce1d40fbd0e34e6bfbb864ee35858ad4dd2cf31e02fc4a154b724d7f1
  languageName: node
  linkType: hard

"js-sha3@npm:0.8.0":
  version: 0.8.0
  resolution: "js-sha3@npm:0.8.0"
  checksum: 75df77c1fc266973f06cce8309ce010e9e9f07ec35ab12022ed29b7f0d9c8757f5a73e1b35aa24840dced0dea7059085aa143d817aea9e188e2a80d569d9adce
  languageName: node
  linkType: hard

"make-error@npm:^1.1.1":
  version: 1.3.6
  resolution: "make-error@npm:1.3.6"
  checksum: b86e5e0e25f7f777b77fabd8e2cbf15737972869d852a22b7e73c17623928fccb826d8e46b9951501d3f20e51ad74ba8c59ed584f610526a48f8ccf88aaec402
  languageName: node
  linkType: hard

"minimalistic-assert@npm:^1.0.0, minimalistic-assert@npm:^1.0.1":
  version: 1.0.1
  resolution: "minimalistic-assert@npm:1.0.1"
  checksum: cc7974a9268fbf130fb055aff76700d7e2d8be5f761fb5c60318d0ed010d839ab3661a533ad29a5d37653133385204c503bfac995aaa4236f4e847461ea32ba7
  languageName: node
  linkType: hard

"minimalistic-crypto-utils@npm:^1.0.1":
  version: 1.0.1
  resolution: "minimalistic-crypto-utils@npm:1.0.1"
  checksum: 6e8a0422b30039406efd4c440829ea8f988845db02a3299f372fceba56ffa94994a9c0f2fd70c17f9969eedfbd72f34b5070ead9656a34d3f71c0bd72583a0ed
  languageName: node
  linkType: hard

"scrypt-js@npm:3.0.1":
  version: 3.0.1
  resolution: "scrypt-js@npm:3.0.1"
  checksum: b7c7d1a68d6ca946f2fbb0778e0c4ec63c65501b54023b2af7d7e9f48fdb6c6580d6f7675cd53bda5944c5ebc057560d5a6365079752546865defb3b79dea454
  languageName: node
  linkType: hard

"ts-node@npm:^10.8.1":
  version: 10.8.1
  resolution: "ts-node@npm:10.8.1"
  dependencies:
    "@cspotcode/source-map-support": ^0.8.0
    "@tsconfig/node10": ^1.0.7
    "@tsconfig/node12": ^1.0.7
    "@tsconfig/node14": ^1.0.0
    "@tsconfig/node16": ^1.0.2
    acorn: ^8.4.1
    acorn-walk: ^8.1.1
    arg: ^4.1.0
    create-require: ^1.1.0
    diff: ^4.0.1
    make-error: ^1.1.1
    v8-compile-cache-lib: ^3.0.1
    yn: 3.1.1
  peerDependencies:
    "@swc/core": ">=1.2.50"
    "@swc/wasm": ">=1.2.50"
    "@types/node": "*"
    typescript: ">=2.7"
  peerDependenciesMeta:
    "@swc/core":
      optional: true
    "@swc/wasm":
      optional: true
  bin:
    ts-node: dist/bin.js
    ts-node-cwd: dist/bin-cwd.js
    ts-node-esm: dist/bin-esm.js
    ts-node-script: dist/bin-script.js
    ts-node-transpile-only: dist/bin-transpile.js
    ts-script: dist/bin-script-deprecated.js
  checksum: 7d1aa7aa3ae1c0459c4922ed0dbfbade442cfe0c25aebaf620cdf1774f112c8d7a9b14934cb6719274917f35b2c503ba87bcaf5e16a0d39ba0f68ce3e7728363
  languageName: node
  linkType: hard

"typescript@npm:^4.5.2":
  version: 4.5.2
  resolution: "typescript@npm:4.5.2"
  bin:
    tsc: bin/tsc
    tsserver: bin/tsserver
  checksum: 74f9ce65d532bdf5d0214b3f60cf37992180023388c87a11ee6f838a803067ef0b63c600fa501b0deb07f989257dce1e244c9635ed79feca40bbccf6e0aa1ebc
  languageName: node
  linkType: hard

"typescript@patch:typescript@^4.5.2#~builtin<compat/typescript>":
  version: 4.5.2
  resolution: "typescript@patch:typescript@npm%3A4.5.2#~builtin<compat/typescript>::version=4.5.2&hash=bcec9a"
  bin:
    tsc: bin/tsc
    tsserver: bin/tsserver
  checksum: e25e689eba64f7da7cfc43f8ea76cac7176b56caba42655f0a4cb29c0b7c36e67ca54f33df95902859f56108464245d8b45bcdfe21e3d66d9560feb8db780246
  languageName: node
  linkType: hard

"v8-compile-cache-lib@npm:^3.0.1":
  version: 3.0.1
  resolution: "v8-compile-cache-lib@npm:3.0.1"
  checksum: 78089ad549e21bcdbfca10c08850022b22024cdcc2da9b168bcf5a73a6ed7bf01a9cebb9eac28e03cd23a684d81e0502797e88f3ccd27a32aeab1cfc44c39da0
  languageName: node
  linkType: hard

"ws@npm:7.4.6":
  version: 7.4.6
  resolution: "ws@npm:7.4.6"
  peerDependencies:
    bufferutil: ^4.0.1
    utf-8-validate: ^5.0.2
  peerDependenciesMeta:
    bufferutil:
      optional: true
    utf-8-validate:
      optional: true
  checksum: 3a990b32ed08c72070d5e8913e14dfcd831919205be52a3ff0b4cdd998c8d554f167c9df3841605cde8b11d607768cacab3e823c58c96a5c08c987e093eb767a
  languageName: node
  linkType: hard

"yn@npm:3.1.1":
  version: 3.1.1
  resolution: "yn@npm:3.1.1"
  checksum: 2c487b0e149e746ef48cda9f8bad10fc83693cd69d7f9dcd8be4214e985de33a29c9e24f3c0d6bcf2288427040a8947406ab27f7af67ee9456e6b84854f02dd6
  languageName: node
  linkType: hard
